
Microsoft Visual Studio Solution File, Format Version 12.00
# Visual Studio Version 17
VisualStudioVersion = 17.6.33815.320
MinimumVisualStudioVersion = 10.0.40219.1
Project("{FAE04EC0-301F-11D3-BF4B-00C04F79EFBC}") = "Deliverable__1", "Deliverable__1.csproj", "{A291D72E-E010-42FA-A505-C92358C1B90F}"
EndProject
Global
	GlobalSection(SolutionConfigurationPlatforms) = preSolution
		Debug|Any CPU = Debug|Any CPU
		Release|Any CPU = Release|Any CPU
	EndGlobalSection
	GlobalSection(ProjectConfigurationPlatforms) = postSolution
		{A291D72E-E010-42FA-A505-C92358C1B90F}.Debug|Any CPU.ActiveCfg = Debug|Any CPU
		{A291D72E-E010-42FA-A505-C92358C1B90F}.Debug|Any CPU.Build.0 = Debug|Any CPU
		{A291D72E-E010-42FA-A505-C92358C1B90F}.Release|Any CPU.ActiveCfg = Release|Any CPU
		{A291D72E-E010-42FA-A505-C92358C1B90F}.Release|Any CPU.Build.0 = Release|Any CPU
	EndGlobalSection
	GlobalSection(SolutionProperties) = preSolution
		HideSolutionNode = FALSE
	EndGlobalSection
	GlobalSection(ExtensibilityGlobals) = postSolution
		SolutionGuid = {A2737C9F-228B-4B2D-B78C-E20E43352275}
	EndGlobalSection
EndGlobal
